
Microsoft Visual Studio Solution File, Format Version 12.00
# Visual Studio Version 17
VisualStudioVersion = 17.3.32825.248
MinimumVisualStudioVersion = 10.0.40219.1
Project("{FAE04EC0-301F-11D3-BF4B-00C04F79EFBC}") = "Exec_BMI", "Exec_BMI\Exec_BMI.csproj", "{EA82BD50-698D-4D05-8DBB-80CE90663196}"
EndProject
Global
	GlobalSection(SolutionConfigurationPlatforms) = preSolution
		Debug|Any CPU = Debug|Any CPU
		Release|Any CPU = Release|Any CPU
	EndGlobalSection
	GlobalSection(ProjectConfigurationPlatforms) = postSolution
		{EA82BD50-698D-4D05-8DBB-80CE90663196}.Debug|Any CPU.ActiveCfg = Debug|Any CPU
		{EA82BD50-698D-4D05-8DBB-80CE90663196}.Debug|Any CPU.Build.0 = Debug|Any CPU
		{EA82BD50-698D-4D05-8DBB-80CE90663196}.Release|Any CPU.ActiveCfg = Release|Any CPU
		{EA82BD50-698D-4D05-8DBB-80CE90663196}.Release|Any CPU.Build.0 = Release|Any CPU
	EndGlobalSection
	GlobalSection(SolutionProperties) = preSolution
		HideSolutionNode = FALSE
	EndGlobalSection
	GlobalSection(ExtensibilityGlobals) = postSolution
		SolutionGuid = {E6370E46-E352-4DCD-9C0D-BE5597098F58}
	EndGlobalSection
EndGlobal
